# THIS IS AN AUTOGENERATED FILE. DO NOT EDIT THIS FILE DIRECTLY.
# yarn lockfile v1


"@types/web-bluetooth@^0.0.8":
  version "0.0.8"
  resolved "https://registry.yarnpkg.com/@types/web-bluetooth/-/web-bluetooth-0.0.8.tgz#440808ba4c705377f35b0ac35078c7c77cee7158"
  integrity sha512-LxKTVUOLauVRZxgOmqxKT9n8xBRukUkP/vyG5QfFmTWN58zuOgiGT3BIIIJbjmSSZ2iSlC/kky5xSWBS1PIgtQ==
